
Microsoft Visual Studio Solution File, Format Version 12.00
# Visual Studio Version 17
VisualStudioVersion = 17.0.32014.148
MinimumVisualStudioVersion = 10.0.40219.1
Project("{FAE04EC0-301F-11D3-BF4B-00C04F79EFBC}") = "Lab_Logger", "Lab_Logger\Lab_Logger.csproj", "{377F2194-7BC8-42C8-A362-DDB247F36D4B}"
EndProject
Project("{FAE04EC0-301F-11D3-BF4B-00C04F79EFBC}") = "Lab_Pooling", "Lab_Pooling\Lab_Pooling.csproj", "{FBDB2D91-C76D-4915-84CF-E2E3FD00F981}"
EndProject
Project("{FAE04EC0-301F-11D3-BF4B-00C04F79EFBC}") = "Lab_ThreadManager", "Lab_ThreadManager\Lab_ThreadManager.csproj", "{32BE9025-6BEF-4478-B212-E8A9B0CF7438}"
EndProject
Project("{FAE04EC0-301F-11D3-BF4B-00C04F79EFBC}") = "Lab_SimpleServer", "Lab_SimpleServer\Lab_SimpleServer.csproj", "{1CA443A9-EA58-47A4-B38A-C929269C78E8}"
EndProject
Project("{9A19103F-16F7-4668-BE54-9A1E7A4F7556}") = "Lab_PacketSerialize", "Lab_PacketSerialize\Lab_PacketSerialize.csproj", "{05AE3C0E-D31B-4B8E-8D8D-787E3B7DA8F8}"
EndProject
Project("{9A19103F-16F7-4668-BE54-9A1E7A4F7556}") = "Lab_DB", "Lab_DB\Lab_DB.csproj", "{221C7592-F559-4674-BC97-581150AF2D2E}"
EndProject
Project("{9A19103F-16F7-4668-BE54-9A1E7A4F7556}") = "Lab_Design", "Lab_Design\Lab_Design.csproj", "{91251FFD-692B-44E8-9630-6544C39A8108}"
EndProject
Project("{FAE04EC0-301F-11D3-BF4B-00C04F79EFBC}") = "Lab_AsyncWork", "Lab_AsyncWork\Lab_AsyncWork.csproj", "{0255038D-5C60-4083-8B7A-1B33B5EFE820}"
EndProject
Global
	GlobalSection(SolutionConfigurationPlatforms) = preSolution
		Debug|Any CPU = Debug|Any CPU
		Release|Any CPU = Release|Any CPU
	EndGlobalSection
	GlobalSection(ProjectConfigurationPlatforms) = postSolution
		{377F2194-7BC8-42C8-A362-DDB247F36D4B}.Debug|Any CPU.ActiveCfg = Debug|Any CPU
		{377F2194-7BC8-42C8-A362-DDB247F36D4B}.Debug|Any CPU.Build.0 = Debug|Any CPU
		{377F2194-7BC8-42C8-A362-DDB247F36D4B}.Release|Any CPU.ActiveCfg = Release|Any CPU
		{377F2194-7BC8-42C8-A362-DDB247F36D4B}.Release|Any CPU.Build.0 = Release|Any CPU
		{FBDB2D91-C76D-4915-84CF-E2E3FD00F981}.Debug|Any CPU.ActiveCfg = Debug|Any CPU
		{FBDB2D91-C76D-4915-84CF-E2E3FD00F981}.Debug|Any CPU.Build.0 = Debug|Any CPU
		{FBDB2D91-C76D-4915-84CF-E2E3FD00F981}.Release|Any CPU.ActiveCfg = Release|Any CPU
		{FBDB2D91-C76D-4915-84CF-E2E3FD00F981}.Release|Any CPU.Build.0 = Release|Any CPU
		{32BE9025-6BEF-4478-B212-E8A9B0CF7438}.Debug|Any CPU.ActiveCfg = Debug|Any CPU
		{32BE9025-6BEF-4478-B212-E8A9B0CF7438}.Debug|Any CPU.Build.0 = Debug|Any CPU
		{32BE9025-6BEF-4478-B212-E8A9B0CF7438}.Release|Any CPU.ActiveCfg = Release|Any CPU
		{32BE9025-6BEF-4478-B212-E8A9B0CF7438}.Release|Any CPU.Build.0 = Release|Any CPU
		{1CA443A9-EA58-47A4-B38A-C929269C78E8}.Debug|Any CPU.ActiveCfg = Debug|Any CPU
		{1CA443A9-EA58-47A4-B38A-C929269C78E8}.Debug|Any CPU.Build.0 = Debug|Any CPU
		{1CA443A9-EA58-47A4-B38A-C929269C78E8}.Release|Any CPU.ActiveCfg = Release|Any CPU
		{1CA443A9-EA58-47A4-B38A-C929269C78E8}.Release|Any CPU.Build.0 = Release|Any CPU
		{05AE3C0E-D31B-4B8E-8D8D-787E3B7DA8F8}.Debug|Any CPU.ActiveCfg = Debug|Any CPU
		{05AE3C0E-D31B-4B8E-8D8D-787E3B7DA8F8}.Debug|Any CPU.Build.0 = Debug|Any CPU
		{05AE3C0E-D31B-4B8E-8D8D-787E3B7DA8F8}.Release|Any CPU.ActiveCfg = Release|Any CPU
		{05AE3C0E-D31B-4B8E-8D8D-787E3B7DA8F8}.Release|Any CPU.Build.0 = Release|Any CPU
		{221C7592-F559-4674-BC97-581150AF2D2E}.Debug|Any CPU.ActiveCfg = Debug|Any CPU
		{221C7592-F559-4674-BC97-581150AF2D2E}.Debug|Any CPU.Build.0 = Debug|Any CPU
		{221C7592-F559-4674-BC97-581150AF2D2E}.Release|Any CPU.ActiveCfg = Release|Any CPU
		{221C7592-F559-4674-BC97-581150AF2D2E}.Release|Any CPU.Build.0 = Release|Any CPU
		{91251FFD-692B-44E8-9630-6544C39A8108}.Debug|Any CPU.ActiveCfg = Debug|Any CPU
		{91251FFD-692B-44E8-9630-6544C39A8108}.Debug|Any CPU.Build.0 = Debug|Any CPU
		{91251FFD-692B-44E8-9630-6544C39A8108}.Release|Any CPU.ActiveCfg = Release|Any CPU
		{91251FFD-692B-44E8-9630-6544C39A8108}.Release|Any CPU.Build.0 = Release|Any CPU
		{0255038D-5C60-4083-8B7A-1B33B5EFE820}.Debug|Any CPU.ActiveCfg = Debug|Any CPU
		{0255038D-5C60-4083-8B7A-1B33B5EFE820}.Debug|Any CPU.Build.0 = Debug|Any CPU
		{0255038D-5C60-4083-8B7A-1B33B5EFE820}.Release|Any CPU.ActiveCfg = Release|Any CPU
		{0255038D-5C60-4083-8B7A-1B33B5EFE820}.Release|Any CPU.Build.0 = Release|Any CPU
	EndGlobalSection
	GlobalSection(SolutionProperties) = preSolution
		HideSolutionNode = FALSE
	EndGlobalSection
	GlobalSection(ExtensibilityGlobals) = postSolution
		SolutionGuid = {2D3C6954-D02E-49DB-910F-AA6FB9FE824F}
	EndGlobalSection
EndGlobal
